
Microsoft Visual Studio Solution File, Format Version 12.00
# Visual Studio Version 16
VisualStudioVersion = 16.0.30621.155
MinimumVisualStudioVersion = 10.0.40219.1
Project("{FAE04EC0-301F-11D3-BF4B-00C04F79EFBC}") = "Billycock", "Billycock\Billycock.csproj", "{2E4D5E37-E618-4F2B-BE50-5100C3A3C953}"
EndProject
Global
	GlobalSection(SolutionConfigurationPlatforms) = preSolution
		Debug|Any CPU = Debug|Any CPU
		Release|Any CPU = Release|Any CPU
	EndGlobalSection
	GlobalSection(ProjectConfigurationPlatforms) = postSolution
		{2E4D5E37-E618-4F2B-BE50-5100C3A3C953}.Debug|Any CPU.ActiveCfg = Debug|Any CPU
		{2E4D5E37-E618-4F2B-BE50-5100C3A3C953}.Debug|Any CPU.Build.0 = Debug|Any CPU
		{2E4D5E37-E618-4F2B-BE50-5100C3A3C953}.Release|Any CPU.ActiveCfg = Release|Any CPU
		{2E4D5E37-E618-4F2B-BE50-5100C3A3C953}.Release|Any CPU.Build.0 = Release|Any CPU
	EndGlobalSection
	GlobalSection(SolutionProperties) = preSolution
		HideSolutionNode = FALSE
	EndGlobalSection
	GlobalSection(ExtensibilityGlobals) = postSolution
		SolutionGuid = {7EC4D2C4-B493-4159-854F-CB5CFA78B708}
	EndGlobalSection
EndGlobal
