
Microsoft Visual Studio Solution File, Format Version 12.00
# Visual Studio Version 16
VisualStudioVersion = 16.0.30621.155
MinimumVisualStudioVersion = 10.0.40219.1
Project("{9A19103F-16F7-4668-BE54-9A1E7A4F7556}") = "Billycock", "Billycock\Billycock.csproj", "{2E4D5E37-E618-4F2B-BE50-5100C3A3C953}"
EndProject
Project("{9A19103F-16F7-4668-BE54-9A1E7A4F7556}") = "Api_Billycock", "Api_Billycock\Api_Billycock.csproj", "{B4E76F26-BADE-41F3-9463-BEAC97FF6C23}"
EndProject
Project("{9A19103F-16F7-4668-BE54-9A1E7A4F7556}") = "Web_Billycock", "Web_Billycock\Web_Billycock.csproj", "{6811400F-9D21-463F-AF3B-218D6AD9238B}"
EndProject
Global
	GlobalSection(SolutionConfigurationPlatforms) = preSolution
		Debug|Any CPU = Debug|Any CPU
		Release|Any CPU = Release|Any CPU
	EndGlobalSection
	GlobalSection(ProjectConfigurationPlatforms) = postSolution
		{2E4D5E37-E618-4F2B-BE50-5100C3A3C953}.Debug|Any CPU.ActiveCfg = Debug|Any CPU
		{2E4D5E37-E618-4F2B-BE50-5100C3A3C953}.Debug|Any CPU.Build.0 = Debug|Any CPU
		{2E4D5E37-E618-4F2B-BE50-5100C3A3C953}.Release|Any CPU.ActiveCfg = Release|Any CPU
		{2E4D5E37-E618-4F2B-BE50-5100C3A3C953}.Release|Any CPU.Build.0 = Release|Any CPU
		{B4E76F26-BADE-41F3-9463-BEAC97FF6C23}.Debug|Any CPU.ActiveCfg = Debug|Any CPU
		{B4E76F26-BADE-41F3-9463-BEAC97FF6C23}.Debug|Any CPU.Build.0 = Debug|Any CPU
		{B4E76F26-BADE-41F3-9463-BEAC97FF6C23}.Release|Any CPU.ActiveCfg = Release|Any CPU
		{B4E76F26-BADE-41F3-9463-BEAC97FF6C23}.Release|Any CPU.Build.0 = Release|Any CPU
		{6811400F-9D21-463F-AF3B-218D6AD9238B}.Debug|Any CPU.ActiveCfg = Debug|Any CPU
		{6811400F-9D21-463F-AF3B-218D6AD9238B}.Debug|Any CPU.Build.0 = Debug|Any CPU
		{6811400F-9D21-463F-AF3B-218D6AD9238B}.Release|Any CPU.ActiveCfg = Release|Any CPU
		{6811400F-9D21-463F-AF3B-218D6AD9238B}.Release|Any CPU.Build.0 = Release|Any CPU
	EndGlobalSection
	GlobalSection(SolutionProperties) = preSolution
		HideSolutionNode = FALSE
	EndGlobalSection
	GlobalSection(ExtensibilityGlobals) = postSolution
		SolutionGuid = {7EC4D2C4-B493-4159-854F-CB5CFA78B708}
	EndGlobalSection
EndGlobal
